// !$*UTF8*$!
{
	archiveVersion = 1;
	classes = {
	};
	objectVersion = 56;
	objects = {

/* Begin PBXBuildFile section */
		1CCC83722B35255500AE6784 /* FeedRemoteDataSource.swift in Sources */ = {isa = PBXBuildFile; fileRef = 1CCC83712B35255500AE6784 /* FeedRemoteDataSource.swift */; };
		1CCC83742B3526C500AE6784 /* FeedRemoteDataSourceImpl.swift in Sources */ = {isa = PBXBuildFile; fileRef = 1CCC83732B3526C500AE6784 /* FeedRemoteDataSourceImpl.swift */; };
		1CCC83762B3537DB00AE6784 /* SaveFeedInteractor.swift in Sources */ = {isa = PBXBuildFile; fileRef = 1CCC83752B3537DB00AE6784 /* SaveFeedInteractor.swift */; };
		1CCC83782B35380100AE6784 /* SaveFeedInteractorImpl.swift in Sources */ = {isa = PBXBuildFile; fileRef = 1CCC83772B35380100AE6784 /* SaveFeedInteractorImpl.swift */; };
		1CE0E8EF2B2FD68900854C8C /* BabyDiaryApp.swift in Sources */ = {isa = PBXBuildFile; fileRef = 1CE0E8EE2B2FD68900854C8C /* BabyDiaryApp.swift */; };
		1CE0E8F12B2FD68900854C8C /* ContentView.swift in Sources */ = {isa = PBXBuildFile; fileRef = 1CE0E8F02B2FD68900854C8C /* ContentView.swift */; };
		1CE0E8F32B2FD68B00854C8C /* Assets.xcassets in Resources */ = {isa = PBXBuildFile; fileRef = 1CE0E8F22B2FD68B00854C8C /* Assets.xcassets */; };
		1CE0E8F62B2FD68B00854C8C /* Preview Assets.xcassets in Resources */ = {isa = PBXBuildFile; fileRef = 1CE0E8F52B2FD68B00854C8C /* Preview Assets.xcassets */; };
		1CE0E9002B2FD68B00854C8C /* Baby_DiaryTests.swift in Sources */ = {isa = PBXBuildFile; fileRef = 1CE0E8FF2B2FD68B00854C8C /* Baby_DiaryTests.swift */; };
		1CE0E90A2B2FD68B00854C8C /* Baby_DiaryUITests.swift in Sources */ = {isa = PBXBuildFile; fileRef = 1CE0E9092B2FD68B00854C8C /* Baby_DiaryUITests.swift */; };
		1CE0E90C2B2FD68B00854C8C /* Baby_DiaryUITestsLaunchTests.swift in Sources */ = {isa = PBXBuildFile; fileRef = 1CE0E90B2B2FD68B00854C8C /* Baby_DiaryUITestsLaunchTests.swift */; };
		1CE0E9192B2FE1E800854C8C /* GoogleService-Info.plist in Resources */ = {isa = PBXBuildFile; fileRef = 1CE0E9182B2FE1E800854C8C /* GoogleService-Info.plist */; };
		1CE0E91C2B2FE2ED00854C8C /* FirebaseAnalytics in Frameworks */ = {isa = PBXBuildFile; productRef = 1CE0E91B2B2FE2ED00854C8C /* FirebaseAnalytics */; };
		1CE0E91E2B2FE2ED00854C8C /* FirebaseAnalyticsSwift in Frameworks */ = {isa = PBXBuildFile; productRef = 1CE0E91D2B2FE2ED00854C8C /* FirebaseAnalyticsSwift */; };
		1CE0E9202B2FE2ED00854C8C /* FirebaseAnalyticsWithoutAdIdSupport in Frameworks */ = {isa = PBXBuildFile; productRef = 1CE0E91F2B2FE2ED00854C8C /* FirebaseAnalyticsWithoutAdIdSupport */; };
		1CE0E9222B2FE2ED00854C8C /* FirebaseAuth in Frameworks */ = {isa = PBXBuildFile; productRef = 1CE0E9212B2FE2ED00854C8C /* FirebaseAuth */; };
		1CE0E9242B2FE2ED00854C8C /* FirebaseAuthCombine-Community in Frameworks */ = {isa = PBXBuildFile; productRef = 1CE0E9232B2FE2ED00854C8C /* FirebaseAuthCombine-Community */; };
		1CE0E9262B2FE2ED00854C8C /* FirebaseCrashlytics in Frameworks */ = {isa = PBXBuildFile; productRef = 1CE0E9252B2FE2ED00854C8C /* FirebaseCrashlytics */; };
		1CE0E9282B2FE2ED00854C8C /* FirebaseFirestore in Frameworks */ = {isa = PBXBuildFile; productRef = 1CE0E9272B2FE2ED00854C8C /* FirebaseFirestore */; };
		1CE0E92A2B2FE2ED00854C8C /* FirebaseFirestoreCombine-Community in Frameworks */ = {isa = PBXBuildFile; productRef = 1CE0E9292B2FE2ED00854C8C /* FirebaseFirestoreCombine-Community */; };
		1CE0E92C2B2FE2ED00854C8C /* FirebaseFirestoreSwift in Frameworks */ = {isa = PBXBuildFile; productRef = 1CE0E92B2B2FE2ED00854C8C /* FirebaseFirestoreSwift */; };
		1CE0E92E2B2FE2ED00854C8C /* FirebaseRemoteConfig in Frameworks */ = {isa = PBXBuildFile; productRef = 1CE0E92D2B2FE2ED00854C8C /* FirebaseRemoteConfig */; };
		1CE0E9302B2FE2ED00854C8C /* FirebaseRemoteConfigSwift in Frameworks */ = {isa = PBXBuildFile; productRef = 1CE0E92F2B2FE2ED00854C8C /* FirebaseRemoteConfigSwift */; };
		1CE0E9332B2FE6A700854C8C /* BabiesListView.swift in Sources */ = {isa = PBXBuildFile; fileRef = 1CE0E9322B2FE6A700854C8C /* BabiesListView.swift */; };
		1CE0E9362B2FE85D00854C8C /* Baby.swift in Sources */ = {isa = PBXBuildFile; fileRef = 1CE0E9352B2FE85D00854C8C /* Baby.swift */; };
		1CE0E9382B2FE89D00854C8C /* Name.swift in Sources */ = {isa = PBXBuildFile; fileRef = 1CE0E9372B2FE89D00854C8C /* Name.swift */; };
		1CE0E93A2B2FE8E000854C8C /* BabiesListViewModel.swift in Sources */ = {isa = PBXBuildFile; fileRef = 1CE0E9392B2FE8E000854C8C /* BabiesListViewModel.swift */; };
		1CE0E93E2B2FEFA500854C8C /* BabyMainView.swift in Sources */ = {isa = PBXBuildFile; fileRef = 1CE0E93D2B2FEFA500854C8C /* BabyMainView.swift */; };
		1CE0E9402B2FF3D600854C8C /* BabyInitialsView.swift in Sources */ = {isa = PBXBuildFile; fileRef = 1CE0E93F2B2FF3D600854C8C /* BabyInitialsView.swift */; };
		1CE0E9422B2FFDEB00854C8C /* CategoryButtonView.swift in Sources */ = {isa = PBXBuildFile; fileRef = 1CE0E9412B2FFDEB00854C8C /* CategoryButtonView.swift */; };
		1CE0E9442B3001F600854C8C /* Feed.swift in Sources */ = {isa = PBXBuildFile; fileRef = 1CE0E9432B3001F500854C8C /* Feed.swift */; };
		1CE0E9462B30C17E00854C8C /* Category.swift in Sources */ = {isa = PBXBuildFile; fileRef = 1CE0E9452B30C17D00854C8C /* Category.swift */; };
		1CE0E9492B3152AF00854C8C /* FeedRowView.swift in Sources */ = {isa = PBXBuildFile; fileRef = 1CE0E9482B3152AF00854C8C /* FeedRowView.swift */; };
		1CE0E94B2B3280DC00854C8C /* BabyMainViewModel.swift in Sources */ = {isa = PBXBuildFile; fileRef = 1CE0E94A2B3280DC00854C8C /* BabyMainViewModel.swift */; };
		1CE0E9512B32818100854C8C /* BabyRemoteDataSource.swift in Sources */ = {isa = PBXBuildFile; fileRef = 1CE0E9502B32818100854C8C /* BabyRemoteDataSource.swift */; };
		1CE0E9532B3281C700854C8C /* BabyRemoteDataSourceImpl.swift in Sources */ = {isa = PBXBuildFile; fileRef = 1CE0E9522B3281C700854C8C /* BabyRemoteDataSourceImpl.swift */; };
		1CE0E9562B32832D00854C8C /* FeedRemoteEntity.swift in Sources */ = {isa = PBXBuildFile; fileRef = 1CE0E9552B32832D00854C8C /* FeedRemoteEntity.swift */; };
		1CE0E9582B32853600854C8C /* BabyRemoteEntity.swift in Sources */ = {isa = PBXBuildFile; fileRef = 1CE0E9572B32853600854C8C /* BabyRemoteEntity.swift */; };
		1CE0E95A2B3285A500854C8C /* BabyRemoteEntityMapper.swift in Sources */ = {isa = PBXBuildFile; fileRef = 1CE0E9592B3285A500854C8C /* BabyRemoteEntityMapper.swift */; };
		1CE0E95C2B3286BD00854C8C /* GetBabiesInteractor.swift in Sources */ = {isa = PBXBuildFile; fileRef = 1CE0E95B2B3286BD00854C8C /* GetBabiesInteractor.swift */; };
		1CE0E95E2B3286E100854C8C /* GetBabiesInteractorImpl.swift in Sources */ = {isa = PBXBuildFile; fileRef = 1CE0E95D2B3286E100854C8C /* GetBabiesInteractorImpl.swift */; };
		1CE0E9602B32917C00854C8C /* FeedRemoteEntityMapper.swift in Sources */ = {isa = PBXBuildFile; fileRef = 1CE0E95F2B32917C00854C8C /* FeedRemoteEntityMapper.swift */; };
		1CE0E9622B32A70A00854C8C /* FloattingButtonView.swift in Sources */ = {isa = PBXBuildFile; fileRef = 1CE0E9612B32A70A00854C8C /* FloattingButtonView.swift */; };
		1CE0E9642B32AC4700854C8C /* FeedFormView.swift in Sources */ = {isa = PBXBuildFile; fileRef = 1CE0E9632B32AC4700854C8C /* FeedFormView.swift */; };
		1CE0E9672B33CA6400854C8C /* SizeKey.swift in Sources */ = {isa = PBXBuildFile; fileRef = 1CE0E9662B33CA6400854C8C /* SizeKey.swift */; };
		1CE0E9692B33FD2F00854C8C /* FeedFormViewModel.swift in Sources */ = {isa = PBXBuildFile; fileRef = 1CE0E9682B33FD2F00854C8C /* FeedFormViewModel.swift */; };
/* End PBXBuildFile section */

/* Begin PBXContainerItemProxy section */
		1CE0E8FC2B2FD68B00854C8C /* PBXContainerItemProxy */ = {
			isa = PBXContainerItemProxy;
			containerPortal = 1CE0E8E32B2FD68900854C8C /* Project object */;
			proxyType = 1;
			remoteGlobalIDString = 1CE0E8EA2B2FD68900854C8C;
			remoteInfo = "Baby Diary";
		};
		1CE0E9062B2FD68B00854C8C /* PBXContainerItemProxy */ = {
			isa = PBXContainerItemProxy;
			containerPortal = 1CE0E8E32B2FD68900854C8C /* Project object */;
			proxyType = 1;
			remoteGlobalIDString = 1CE0E8EA2B2FD68900854C8C;
			remoteInfo = "Baby Diary";
		};
/* End PBXContainerItemProxy section */

/* Begin PBXFileReference section */
		1CCC83712B35255500AE6784 /* FeedRemoteDataSource.swift */ = {isa = PBXFileReference; lastKnownFileType = sourcecode.swift; path = FeedRemoteDataSource.swift; sourceTree = "<group>"; };
		1CCC83732B3526C500AE6784 /* FeedRemoteDataSourceImpl.swift */ = {isa = PBXFileReference; lastKnownFileType = sourcecode.swift; path = FeedRemoteDataSourceImpl.swift; sourceTree = "<group>"; };
		1CCC83752B3537DB00AE6784 /* SaveFeedInteractor.swift */ = {isa = PBXFileReference; lastKnownFileType = sourcecode.swift; path = SaveFeedInteractor.swift; sourceTree = "<group>"; };
		1CCC83772B35380100AE6784 /* SaveFeedInteractorImpl.swift */ = {isa = PBXFileReference; lastKnownFileType = sourcecode.swift; path = SaveFeedInteractorImpl.swift; sourceTree = "<group>"; };
		1CE0E8EB2B2FD68900854C8C /* Baby Diary.app */ = {isa = PBXFileReference; explicitFileType = wrapper.application; includeInIndex = 0; path = "Baby Diary.app"; sourceTree = BUILT_PRODUCTS_DIR; };
		1CE0E8EE2B2FD68900854C8C /* BabyDiaryApp.swift */ = {isa = PBXFileReference; lastKnownFileType = sourcecode.swift; path = BabyDiaryApp.swift; sourceTree = "<group>"; };
		1CE0E8F02B2FD68900854C8C /* ContentView.swift */ = {isa = PBXFileReference; lastKnownFileType = sourcecode.swift; path = ContentView.swift; sourceTree = "<group>"; };
		1CE0E8F22B2FD68B00854C8C /* Assets.xcassets */ = {isa = PBXFileReference; lastKnownFileType = folder.assetcatalog; path = Assets.xcassets; sourceTree = "<group>"; };
		1CE0E8F52B2FD68B00854C8C /* Preview Assets.xcassets */ = {isa = PBXFileReference; lastKnownFileType = folder.assetcatalog; path = "Preview Assets.xcassets"; sourceTree = "<group>"; };
		1CE0E8FB2B2FD68B00854C8C /* Baby DiaryTests.xctest */ = {isa = PBXFileReference; explicitFileType = wrapper.cfbundle; includeInIndex = 0; path = "Baby DiaryTests.xctest"; sourceTree = BUILT_PRODUCTS_DIR; };
		1CE0E8FF2B2FD68B00854C8C /* Baby_DiaryTests.swift */ = {isa = PBXFileReference; lastKnownFileType = sourcecode.swift; path = Baby_DiaryTests.swift; sourceTree = "<group>"; };
		1CE0E9052B2FD68B00854C8C /* Baby DiaryUITests.xctest */ = {isa = PBXFileReference; explicitFileType = wrapper.cfbundle; includeInIndex = 0; path = "Baby DiaryUITests.xctest"; sourceTree = BUILT_PRODUCTS_DIR; };
		1CE0E9092B2FD68B00854C8C /* Baby_DiaryUITests.swift */ = {isa = PBXFileReference; lastKnownFileType = sourcecode.swift; path = Baby_DiaryUITests.swift; sourceTree = "<group>"; };
		1CE0E90B2B2FD68B00854C8C /* Baby_DiaryUITestsLaunchTests.swift */ = {isa = PBXFileReference; lastKnownFileType = sourcecode.swift; path = Baby_DiaryUITestsLaunchTests.swift; sourceTree = "<group>"; };
		1CE0E9182B2FE1E800854C8C /* GoogleService-Info.plist */ = {isa = PBXFileReference; lastKnownFileType = text.plist; path = "GoogleService-Info.plist"; sourceTree = SOURCE_ROOT; };
		1CE0E9322B2FE6A700854C8C /* BabiesListView.swift */ = {isa = PBXFileReference; lastKnownFileType = sourcecode.swift; path = BabiesListView.swift; sourceTree = "<group>"; };
		1CE0E9352B2FE85D00854C8C /* Baby.swift */ = {isa = PBXFileReference; lastKnownFileType = sourcecode.swift; path = Baby.swift; sourceTree = "<group>"; };
		1CE0E9372B2FE89D00854C8C /* Name.swift */ = {isa = PBXFileReference; lastKnownFileType = sourcecode.swift; path = Name.swift; sourceTree = "<group>"; };
		1CE0E9392B2FE8E000854C8C /* BabiesListViewModel.swift */ = {isa = PBXFileReference; lastKnownFileType = sourcecode.swift; path = BabiesListViewModel.swift; sourceTree = "<group>"; };
		1CE0E93D2B2FEFA500854C8C /* BabyMainView.swift */ = {isa = PBXFileReference; lastKnownFileType = sourcecode.swift; path = BabyMainView.swift; sourceTree = "<group>"; };
		1CE0E93F2B2FF3D600854C8C /* BabyInitialsView.swift */ = {isa = PBXFileReference; lastKnownFileType = sourcecode.swift; path = BabyInitialsView.swift; sourceTree = "<group>"; };
		1CE0E9412B2FFDEB00854C8C /* CategoryButtonView.swift */ = {isa = PBXFileReference; lastKnownFileType = sourcecode.swift; path = CategoryButtonView.swift; sourceTree = "<group>"; };
		1CE0E9432B3001F500854C8C /* Feed.swift */ = {isa = PBXFileReference; lastKnownFileType = sourcecode.swift; path = Feed.swift; sourceTree = "<group>"; };
		1CE0E9452B30C17D00854C8C /* Category.swift */ = {isa = PBXFileReference; lastKnownFileType = sourcecode.swift; path = Category.swift; sourceTree = "<group>"; };
		1CE0E9482B3152AF00854C8C /* FeedRowView.swift */ = {isa = PBXFileReference; lastKnownFileType = sourcecode.swift; path = FeedRowView.swift; sourceTree = "<group>"; };
		1CE0E94A2B3280DC00854C8C /* BabyMainViewModel.swift */ = {isa = PBXFileReference; lastKnownFileType = sourcecode.swift; path = BabyMainViewModel.swift; sourceTree = "<group>"; };
		1CE0E9502B32818100854C8C /* BabyRemoteDataSource.swift */ = {isa = PBXFileReference; lastKnownFileType = sourcecode.swift; path = BabyRemoteDataSource.swift; sourceTree = "<group>"; };
		1CE0E9522B3281C700854C8C /* BabyRemoteDataSourceImpl.swift */ = {isa = PBXFileReference; lastKnownFileType = sourcecode.swift; path = BabyRemoteDataSourceImpl.swift; sourceTree = "<group>"; };
		1CE0E9552B32832D00854C8C /* FeedRemoteEntity.swift */ = {isa = PBXFileReference; lastKnownFileType = sourcecode.swift; path = FeedRemoteEntity.swift; sourceTree = "<group>"; };
		1CE0E9572B32853600854C8C /* BabyRemoteEntity.swift */ = {isa = PBXFileReference; lastKnownFileType = sourcecode.swift; path = BabyRemoteEntity.swift; sourceTree = "<group>"; };
		1CE0E9592B3285A500854C8C /* BabyRemoteEntityMapper.swift */ = {isa = PBXFileReference; lastKnownFileType = sourcecode.swift; path = BabyRemoteEntityMapper.swift; sourceTree = "<group>"; };
		1CE0E95B2B3286BD00854C8C /* GetBabiesInteractor.swift */ = {isa = PBXFileReference; lastKnownFileType = sourcecode.swift; path = GetBabiesInteractor.swift; sourceTree = "<group>"; };
		1CE0E95D2B3286E100854C8C /* GetBabiesInteractorImpl.swift */ = {isa = PBXFileReference; lastKnownFileType = sourcecode.swift; path = GetBabiesInteractorImpl.swift; sourceTree = "<group>"; };
		1CE0E95F2B32917C00854C8C /* FeedRemoteEntityMapper.swift */ = {isa = PBXFileReference; lastKnownFileType = sourcecode.swift; path = FeedRemoteEntityMapper.swift; sourceTree = "<group>"; };
		1CE0E9612B32A70A00854C8C /* FloattingButtonView.swift */ = {isa = PBXFileReference; lastKnownFileType = sourcecode.swift; path = FloattingButtonView.swift; sourceTree = "<group>"; };
		1CE0E9632B32AC4700854C8C /* FeedFormView.swift */ = {isa = PBXFileReference; lastKnownFileType = sourcecode.swift; path = FeedFormView.swift; sourceTree = "<group>"; };
		1CE0E9662B33CA6400854C8C /* SizeKey.swift */ = {isa = PBXFileReference; lastKnownFileType = sourcecode.swift; path = SizeKey.swift; sourceTree = "<group>"; };
		1CE0E9682B33FD2F00854C8C /* FeedFormViewModel.swift */ = {isa = PBXFileReference; lastKnownFileType = sourcecode.swift; path = FeedFormViewModel.swift; sourceTree = "<group>"; };
/* End PBXFileReference section */

/* Begin PBXFrameworksBuildPhase section */
		1CE0E8E82B2FD68900854C8C /* Frameworks */ = {
			isa = PBXFrameworksBuildPhase;
			buildActionMask = 2147483647;
			files = (
				1CE0E91E2B2FE2ED00854C8C /* FirebaseAnalyticsSwift in Frameworks */,
				1CE0E92A2B2FE2ED00854C8C /* FirebaseFirestoreCombine-Community in Frameworks */,
				1CE0E9202B2FE2ED00854C8C /* FirebaseAnalyticsWithoutAdIdSupport in Frameworks */,
				1CE0E91C2B2FE2ED00854C8C /* FirebaseAnalytics in Frameworks */,
				1CE0E9262B2FE2ED00854C8C /* FirebaseCrashlytics in Frameworks */,
				1CE0E9302B2FE2ED00854C8C /* FirebaseRemoteConfigSwift in Frameworks */,
				1CE0E9222B2FE2ED00854C8C /* FirebaseAuth in Frameworks */,
				1CE0E9242B2FE2ED00854C8C /* FirebaseAuthCombine-Community in Frameworks */,
				1CE0E9282B2FE2ED00854C8C /* FirebaseFirestore in Frameworks */,
				1CE0E92C2B2FE2ED00854C8C /* FirebaseFirestoreSwift in Frameworks */,
				1CE0E92E2B2FE2ED00854C8C /* FirebaseRemoteConfig in Frameworks */,
			);
			runOnlyForDeploymentPostprocessing = 0;
		};
		1CE0E8F82B2FD68B00854C8C /* Frameworks */ = {
			isa = PBXFrameworksBuildPhase;
			buildActionMask = 2147483647;
			files = (
			);
			runOnlyForDeploymentPostprocessing = 0;
		};
		1CE0E9022B2FD68B00854C8C /* Frameworks */ = {
			isa = PBXFrameworksBuildPhase;
			buildActionMask = 2147483647;
			files = (
			);
			runOnlyForDeploymentPostprocessing = 0;
		};
/* End PBXFrameworksBuildPhase section */

/* Begin PBXGroup section */
		1CE0E8E22B2FD68900854C8C = {
			isa = PBXGroup;
			children = (
				1CE0E8ED2B2FD68900854C8C /* Baby Diary */,
				1CE0E8FE2B2FD68B00854C8C /* Baby DiaryTests */,
				1CE0E9082B2FD68B00854C8C /* Baby DiaryUITests */,
				1CE0E8EC2B2FD68900854C8C /* Products */,
			);
			sourceTree = "<group>";
		};
		1CE0E8EC2B2FD68900854C8C /* Products */ = {
			isa = PBXGroup;
			children = (
				1CE0E8EB2B2FD68900854C8C /* Baby Diary.app */,
				1CE0E8FB2B2FD68B00854C8C /* Baby DiaryTests.xctest */,
				1CE0E9052B2FD68B00854C8C /* Baby DiaryUITests.xctest */,
			);
			name = Products;
			sourceTree = "<group>";
		};
		1CE0E8ED2B2FD68900854C8C /* Baby Diary */ = {
			isa = PBXGroup;
			children = (
				1CE0E94E2B32815700854C8C /* RemoteDataSource */,
				1CE0E94C2B3280E800854C8C /* Interactors */,
				1CE0E9342B2FE84D00854C8C /* Models */,
				1CE0E9312B2FE69000854C8C /* Views */,
				1CE0E9182B2FE1E800854C8C /* GoogleService-Info.plist */,
				1CE0E8EE2B2FD68900854C8C /* BabyDiaryApp.swift */,
				1CE0E8F02B2FD68900854C8C /* ContentView.swift */,
				1CE0E8F22B2FD68B00854C8C /* Assets.xcassets */,
				1CE0E8F42B2FD68B00854C8C /* Preview Content */,
			);
			path = "Baby Diary";
			sourceTree = "<group>";
		};
		1CE0E8F42B2FD68B00854C8C /* Preview Content */ = {
			isa = PBXGroup;
			children = (
				1CE0E8F52B2FD68B00854C8C /* Preview Assets.xcassets */,
			);
			path = "Preview Content";
			sourceTree = "<group>";
		};
		1CE0E8FE2B2FD68B00854C8C /* Baby DiaryTests */ = {
			isa = PBXGroup;
			children = (
				1CE0E8FF2B2FD68B00854C8C /* Baby_DiaryTests.swift */,
			);
			path = "Baby DiaryTests";
			sourceTree = "<group>";
		};
		1CE0E9082B2FD68B00854C8C /* Baby DiaryUITests */ = {
			isa = PBXGroup;
			children = (
				1CE0E9092B2FD68B00854C8C /* Baby_DiaryUITests.swift */,
				1CE0E90B2B2FD68B00854C8C /* Baby_DiaryUITestsLaunchTests.swift */,
			);
			path = "Baby DiaryUITests";
			sourceTree = "<group>";
		};
		1CE0E9312B2FE69000854C8C /* Views */ = {
			isa = PBXGroup;
			children = (
				1CE0E9652B33C22B00854C8C /* Extensions */,
				1CE0E9472B31529900854C8C /* Feed */,
				1CE0E93C2B2FEF9000854C8C /* Baby */,
				1CE0E93B2B2FEED600854C8C /* BabiesList */,
				1CE0E9612B32A70A00854C8C /* FloattingButtonView.swift */,
			);
			path = Views;
			sourceTree = "<group>";
		};
		1CE0E9342B2FE84D00854C8C /* Models */ = {
			isa = PBXGroup;
			children = (
				1CE0E9352B2FE85D00854C8C /* Baby.swift */,
				1CE0E9372B2FE89D00854C8C /* Name.swift */,
				1CE0E9432B3001F500854C8C /* Feed.swift */,
				1CE0E9452B30C17D00854C8C /* Category.swift */,
			);
			path = Models;
			sourceTree = "<group>";
		};
		1CE0E93B2B2FEED600854C8C /* BabiesList */ = {
			isa = PBXGroup;
			children = (
				1CE0E9322B2FE6A700854C8C /* BabiesListView.swift */,
				1CE0E9392B2FE8E000854C8C /* BabiesListViewModel.swift */,
			);
			path = BabiesList;
			sourceTree = "<group>";
		};
		1CE0E93C2B2FEF9000854C8C /* Baby */ = {
			isa = PBXGroup;
			children = (
				1CE0E93D2B2FEFA500854C8C /* BabyMainView.swift */,
				1CE0E93F2B2FF3D600854C8C /* BabyInitialsView.swift */,
				1CE0E9412B2FFDEB00854C8C /* CategoryButtonView.swift */,
				1CE0E94A2B3280DC00854C8C /* BabyMainViewModel.swift */,
			);
			path = Baby;
			sourceTree = "<group>";
		};
		1CE0E9472B31529900854C8C /* Feed */ = {
			isa = PBXGroup;
			children = (
				1CE0E9482B3152AF00854C8C /* FeedRowView.swift */,
				1CE0E9632B32AC4700854C8C /* FeedFormView.swift */,
				1CE0E9682B33FD2F00854C8C /* FeedFormViewModel.swift */,
			);
			path = Feed;
			sourceTree = "<group>";
		};
		1CE0E94C2B3280E800854C8C /* Interactors */ = {
			isa = PBXGroup;
			children = (
				1CE0E94D2B32814C00854C8C /* Impl */,
				1CE0E95B2B3286BD00854C8C /* GetBabiesInteractor.swift */,
				1CCC83752B3537DB00AE6784 /* SaveFeedInteractor.swift */,
			);
			path = Interactors;
			sourceTree = "<group>";
		};
		1CE0E94D2B32814C00854C8C /* Impl */ = {
			isa = PBXGroup;
			children = (
				1CE0E95D2B3286E100854C8C /* GetBabiesInteractorImpl.swift */,
				1CCC83772B35380100AE6784 /* SaveFeedInteractorImpl.swift */,
			);
			path = Impl;
			sourceTree = "<group>";
		};
		1CE0E94E2B32815700854C8C /* RemoteDataSource */ = {
			isa = PBXGroup;
			children = (
				1CE0E9542B32831D00854C8C /* Model */,
				1CE0E94F2B32816800854C8C /* Impl */,
				1CE0E9502B32818100854C8C /* BabyRemoteDataSource.swift */,
				1CCC83712B35255500AE6784 /* FeedRemoteDataSource.swift */,
			);
			path = RemoteDataSource;
			sourceTree = "<group>";
		};
		1CE0E94F2B32816800854C8C /* Impl */ = {
			isa = PBXGroup;
			children = (
				1CE0E9522B3281C700854C8C /* BabyRemoteDataSourceImpl.swift */,
				1CCC83732B3526C500AE6784 /* FeedRemoteDataSourceImpl.swift */,
			);
			path = Impl;
			sourceTree = "<group>";
		};
		1CE0E9542B32831D00854C8C /* Model */ = {
			isa = PBXGroup;
			children = (
				1CE0E9552B32832D00854C8C /* FeedRemoteEntity.swift */,
				1CE0E9572B32853600854C8C /* BabyRemoteEntity.swift */,
				1CE0E9592B3285A500854C8C /* BabyRemoteEntityMapper.swift */,
				1CE0E95F2B32917C00854C8C /* FeedRemoteEntityMapper.swift */,
			);
			path = Model;
			sourceTree = "<group>";
		};
		1CE0E9652B33C22B00854C8C /* Extensions */ = {
			isa = PBXGroup;
			children = (
				1CE0E9662B33CA6400854C8C /* SizeKey.swift */,
			);
			path = Extensions;
			sourceTree = "<group>";
		};
/* End PBXGroup section */

/* Begin PBXNativeTarget section */
		1CE0E8EA2B2FD68900854C8C /* Baby Diary */ = {
			isa = PBXNativeTarget;
			buildConfigurationList = 1CE0E90F2B2FD68B00854C8C /* Build configuration list for PBXNativeTarget "Baby Diary" */;
			buildPhases = (
				1CE0E8E72B2FD68900854C8C /* Sources */,
				1CE0E8E82B2FD68900854C8C /* Frameworks */,
				1CE0E8E92B2FD68900854C8C /* Resources */,
			);
			buildRules = (
			);
			dependencies = (
			);
			name = "Baby Diary";
			packageProductDependencies = (
				1CE0E91B2B2FE2ED00854C8C /* FirebaseAnalytics */,
				1CE0E91D2B2FE2ED00854C8C /* FirebaseAnalyticsSwift */,
				1CE0E91F2B2FE2ED00854C8C /* FirebaseAnalyticsWithoutAdIdSupport */,
				1CE0E9212B2FE2ED00854C8C /* FirebaseAuth */,
				1CE0E9232B2FE2ED00854C8C /* FirebaseAuthCombine-Community */,
				1CE0E9252B2FE2ED00854C8C /* FirebaseCrashlytics */,
				1CE0E9272B2FE2ED00854C8C /* FirebaseFirestore */,
				1CE0E9292B2FE2ED00854C8C /* FirebaseFirestoreCombine-Community */,
				1CE0E92B2B2FE2ED00854C8C /* FirebaseFirestoreSwift */,
				1CE0E92D2B2FE2ED00854C8C /* FirebaseRemoteConfig */,
				1CE0E92F2B2FE2ED00854C8C /* FirebaseRemoteConfigSwift */,
			);
			productName = "Baby Diary";
			productReference = 1CE0E8EB2B2FD68900854C8C /* Baby Diary.app */;
			productType = "com.apple.product-type.application";
		};
		1CE0E8FA2B2FD68B00854C8C /* Baby DiaryTests */ = {
			isa = PBXNativeTarget;
			buildConfigurationList = 1CE0E9122B2FD68B00854C8C /* Build configuration list for PBXNativeTarget "Baby DiaryTests" */;
			buildPhases = (
				1CE0E8F72B2FD68B00854C8C /* Sources */,
				1CE0E8F82B2FD68B00854C8C /* Frameworks */,
				1CE0E8F92B2FD68B00854C8C /* Resources */,
			);
			buildRules = (
			);
			dependencies = (
				1CE0E8FD2B2FD68B00854C8C /* PBXTargetDependency */,
			);
			name = "Baby DiaryTests";
			productName = "Baby DiaryTests";
			productReference = 1CE0E8FB2B2FD68B00854C8C /* Baby DiaryTests.xctest */;
			productType = "com.apple.product-type.bundle.unit-test";
		};
		1CE0E9042B2FD68B00854C8C /* Baby DiaryUITests */ = {
			isa = PBXNativeTarget;
			buildConfigurationList = 1CE0E9152B2FD68B00854C8C /* Build configuration list for PBXNativeTarget "Baby DiaryUITests" */;
			buildPhases = (
				1CE0E9012B2FD68B00854C8C /* Sources */,
				1CE0E9022B2FD68B00854C8C /* Frameworks */,
				1CE0E9032B2FD68B00854C8C /* Resources */,
			);
			buildRules = (
			);
			dependencies = (
				1CE0E9072B2FD68B00854C8C /* PBXTargetDependency */,
			);
			name = "Baby DiaryUITests";
			productName = "Baby DiaryUITests";
			productReference = 1CE0E9052B2FD68B00854C8C /* Baby DiaryUITests.xctest */;
			productType = "com.apple.product-type.bundle.ui-testing";
		};
/* End PBXNativeTarget section */

/* Begin PBXProject section */
		1CE0E8E32B2FD68900854C8C /* Project object */ = {
			isa = PBXProject;
			attributes = {
				BuildIndependentTargetsInParallel = 1;
				LastSwiftUpdateCheck = 1510;
				LastUpgradeCheck = 1510;
				TargetAttributes = {
					1CE0E8EA2B2FD68900854C8C = {
						CreatedOnToolsVersion = 15.1;
					};
					1CE0E8FA2B2FD68B00854C8C = {
						CreatedOnToolsVersion = 15.1;
						TestTargetID = 1CE0E8EA2B2FD68900854C8C;
					};
					1CE0E9042B2FD68B00854C8C = {
						CreatedOnToolsVersion = 15.1;
						TestTargetID = 1CE0E8EA2B2FD68900854C8C;
					};
				};
			};
			buildConfigurationList = 1CE0E8E62B2FD68900854C8C /* Build configuration list for PBXProject "Baby Diary" */;
			compatibilityVersion = "Xcode 14.0";
			developmentRegion = en;
			hasScannedForEncodings = 0;
			knownRegions = (
				en,
				Base,
			);
			mainGroup = 1CE0E8E22B2FD68900854C8C;
			packageReferences = (
				1CE0E91A2B2FE2ED00854C8C /* XCRemoteSwiftPackageReference "firebase-ios-sdk" */,
			);
			productRefGroup = 1CE0E8EC2B2FD68900854C8C /* Products */;
			projectDirPath = "";
			projectRoot = "";
			targets = (
				1CE0E8EA2B2FD68900854C8C /* Baby Diary */,
				1CE0E8FA2B2FD68B00854C8C /* Baby DiaryTests */,
				1CE0E9042B2FD68B00854C8C /* Baby DiaryUITests */,
			);
		};
/* End PBXProject section */

/* Begin PBXResourcesBuildPhase section */
		1CE0E8E92B2FD68900854C8C /* Resources */ = {
			isa = PBXResourcesBuildPhase;
			buildActionMask = 2147483647;
			files = (
				1CE0E8F62B2FD68B00854C8C /* Preview Assets.xcassets in Resources */,
				1CE0E8F32B2FD68B00854C8C /* Assets.xcassets in Resources */,
				1CE0E9192B2FE1E800854C8C /* GoogleService-Info.plist in Resources */,
			);
			runOnlyForDeploymentPostprocessing = 0;
		};
		1CE0E8F92B2FD68B00854C8C /* Resources */ = {
			isa = PBXResourcesBuildPhase;
			buildActionMask = 2147483647;
			files = (
			);
			runOnlyForDeploymentPostprocessing = 0;
		};
		1CE0E9032B2FD68B00854C8C /* Resources */ = {
			isa = PBXResourcesBuildPhase;
			buildActionMask = 2147483647;
			files = (
			);
			runOnlyForDeploymentPostprocessing = 0;
		};
/* End PBXResourcesBuildPhase section */

/* Begin PBXSourcesBuildPhase section */
		1CE0E8E72B2FD68900854C8C /* Sources */ = {
			isa = PBXSourcesBuildPhase;
			buildActionMask = 2147483647;
			files = (
				1CE0E9512B32818100854C8C /* BabyRemoteDataSource.swift in Sources */,
				1CE0E8F12B2FD68900854C8C /* ContentView.swift in Sources */,
				1CE0E9332B2FE6A700854C8C /* BabiesListView.swift in Sources */,
				1CE0E9642B32AC4700854C8C /* FeedFormView.swift in Sources */,
				1CE0E93A2B2FE8E000854C8C /* BabiesListViewModel.swift in Sources */,
				1CE0E9492B3152AF00854C8C /* FeedRowView.swift in Sources */,
				1CE0E9622B32A70A00854C8C /* FloattingButtonView.swift in Sources */,
				1CE0E9532B3281C700854C8C /* BabyRemoteDataSourceImpl.swift in Sources */,
				1CE0E9582B32853600854C8C /* BabyRemoteEntity.swift in Sources */,
				1CE0E9602B32917C00854C8C /* FeedRemoteEntityMapper.swift in Sources */,
				1CE0E8EF2B2FD68900854C8C /* BabyDiaryApp.swift in Sources */,
				1CE0E9362B2FE85D00854C8C /* Baby.swift in Sources */,
				1CCC83782B35380100AE6784 /* SaveFeedInteractorImpl.swift in Sources */,
				1CE0E9442B3001F600854C8C /* Feed.swift in Sources */,
				1CE0E9382B2FE89D00854C8C /* Name.swift in Sources */,
				1CE0E93E2B2FEFA500854C8C /* BabyMainView.swift in Sources */,
				1CCC83742B3526C500AE6784 /* FeedRemoteDataSourceImpl.swift in Sources */,
				1CE0E9402B2FF3D600854C8C /* BabyInitialsView.swift in Sources */,
				1CE0E95A2B3285A500854C8C /* BabyRemoteEntityMapper.swift in Sources */,
				1CE0E9422B2FFDEB00854C8C /* CategoryButtonView.swift in Sources */,
				1CE0E95E2B3286E100854C8C /* GetBabiesInteractorImpl.swift in Sources */,
				1CE0E9462B30C17E00854C8C /* Category.swift in Sources */,
				1CCC83762B3537DB00AE6784 /* SaveFeedInteractor.swift in Sources */,
				1CE0E9672B33CA6400854C8C /* SizeKey.swift in Sources */,
				1CE0E9562B32832D00854C8C /* FeedRemoteEntity.swift in Sources */,
				1CCC83722B35255500AE6784 /* FeedRemoteDataSource.swift in Sources */,
				1CE0E95C2B3286BD00854C8C /* GetBabiesInteractor.swift in Sources */,
				1CE0E94B2B3280DC00854C8C /* BabyMainViewModel.swift in Sources */,
				1CE0E9692B33FD2F00854C8C /* FeedFormViewModel.swift in Sources */,
			);
			runOnlyForDeploymentPostprocessing = 0;
		};
		1CE0E8F72B2FD68B00854C8C /* Sources */ = {
			isa = PBXSourcesBuildPhase;
			buildActionMask = 2147483647;
			files = (
				1CE0E9002B2FD68B00854C8C /* Baby_DiaryTests.swift in Sources */,
			);
			runOnlyForDeploymentPostprocessing = 0;
		};
		1CE0E9012B2FD68B00854C8C /* Sources */ = {
			isa = PBXSourcesBuildPhase;
			buildActionMask = 2147483647;
			files = (
				1CE0E90C2B2FD68B00854C8C /* Baby_DiaryUITestsLaunchTests.swift in Sources */,
				1CE0E90A2B2FD68B00854C8C /* Baby_DiaryUITests.swift in Sources */,
			);
			runOnlyForDeploymentPostprocessing = 0;
		};
/* End PBXSourcesBuildPhase section */

/* Begin PBXTargetDependency section */
		1CE0E8FD2B2FD68B00854C8C /* PBXTargetDependency */ = {
			isa = PBXTargetDependency;
			target = 1CE0E8EA2B2FD68900854C8C /* Baby Diary */;
			targetProxy = 1CE0E8FC2B2FD68B00854C8C /* PBXContainerItemProxy */;
		};
		1CE0E9072B2FD68B00854C8C /* PBXTargetDependency */ = {
			isa = PBXTargetDependency;
			target = 1CE0E8EA2B2FD68900854C8C /* Baby Diary */;
			targetProxy = 1CE0E9062B2FD68B00854C8C /* PBXContainerItemProxy */;
		};
/* End PBXTargetDependency section */

/* Begin XCBuildConfiguration section */
		1CE0E90D2B2FD68B00854C8C /* Debug */ = {
			isa = XCBuildConfiguration;
			buildSettings = {
				ALWAYS_SEARCH_USER_PATHS = NO;
				ASSETCATALOG_COMPILER_GENERATE_SWIFT_ASSET_SYMBOL_EXTENSIONS = YES;
				CLANG_ANALYZER_NONNULL = YES;
				CLANG_ANALYZER_NUMBER_OBJECT_CONVERSION = YES_AGGRESSIVE;
				CLANG_CXX_LANGUAGE_STANDARD = "gnu++20";
				CLANG_ENABLE_MODULES = YES;
				CLANG_ENABLE_OBJC_ARC = YES;
				CLANG_ENABLE_OBJC_WEAK = YES;
				CLANG_WARN_BLOCK_CAPTURE_AUTORELEASING = YES;
				CLANG_WARN_BOOL_CONVERSION = YES;
				CLANG_WARN_COMMA = YES;
				CLANG_WARN_CONSTANT_CONVERSION = YES;
				CLANG_WARN_DEPRECATED_OBJC_IMPLEMENTATIONS = YES;
				CLANG_WARN_DIRECT_OBJC_ISA_USAGE = YES_ERROR;
				CLANG_WARN_DOCUMENTATION_COMMENTS = YES;
				CLANG_WARN_EMPTY_BODY = YES;
				CLANG_WARN_ENUM_CONVERSION = YES;
				CLANG_WARN_INFINITE_RECURSION = YES;
				CLANG_WARN_INT_CONVERSION = YES;
				CLANG_WARN_NON_LITERAL_NULL_CONVERSION = YES;
				CLANG_WARN_OBJC_IMPLICIT_RETAIN_SELF = YES;
				CLANG_WARN_OBJC_LITERAL_CONVERSION = YES;
				CLANG_WARN_OBJC_ROOT_CLASS = YES_ERROR;
				CLANG_WARN_QUOTED_INCLUDE_IN_FRAMEWORK_HEADER = YES;
				CLANG_WARN_RANGE_LOOP_ANALYSIS = YES;
				CLANG_WARN_STRICT_PROTOTYPES = YES;
				CLANG_WARN_SUSPICIOUS_MOVE = YES;
				CLANG_WARN_UNGUARDED_AVAILABILITY = YES_AGGRESSIVE;
				CLANG_WARN_UNREACHABLE_CODE = YES;
				CLANG_WARN__DUPLICATE_METHOD_MATCH = YES;
				COPY_PHASE_STRIP = NO;
				DEBUG_INFORMATION_FORMAT = dwarf;
				ENABLE_STRICT_OBJC_MSGSEND = YES;
				ENABLE_TESTABILITY = YES;
				ENABLE_USER_SCRIPT_SANDBOXING = YES;
				GCC_C_LANGUAGE_STANDARD = gnu17;
				GCC_DYNAMIC_NO_PIC = NO;
				GCC_NO_COMMON_BLOCKS = YES;
				GCC_OPTIMIZATION_LEVEL = 0;
				GCC_PREPROCESSOR_DEFINITIONS = (
					"DEBUG=1",
					"$(inherited)",
				);
				GCC_WARN_64_TO_32_BIT_CONVERSION = YES;
				GCC_WARN_ABOUT_RETURN_TYPE = YES_ERROR;
				GCC_WARN_UNDECLARED_SELECTOR = YES;
				GCC_WARN_UNINITIALIZED_AUTOS = YES_AGGRESSIVE;
				GCC_WARN_UNUSED_FUNCTION = YES;
				GCC_WARN_UNUSED_VARIABLE = YES;
				IPHONEOS_DEPLOYMENT_TARGET = 17.2;
				LOCALIZATION_PREFERS_STRING_CATALOGS = YES;
				MTL_ENABLE_DEBUG_INFO = INCLUDE_SOURCE;
				MTL_FAST_MATH = YES;
				ONLY_ACTIVE_ARCH = YES;
				SDKROOT = iphoneos;
				SWIFT_ACTIVE_COMPILATION_CONDITIONS = "DEBUG $(inherited)";
				SWIFT_OPTIMIZATION_LEVEL = "-Onone";
			};
			name = Debug;
		};
		1CE0E90E2B2FD68B00854C8C /* Release */ = {
			isa = XCBuildConfiguration;
			buildSettings = {
				ALWAYS_SEARCH_USER_PATHS = NO;
				ASSETCATALOG_COMPILER_GENERATE_SWIFT_ASSET_SYMBOL_EXTENSIONS = YES;
				CLANG_ANALYZER_NONNULL = YES;
				CLANG_ANALYZER_NUMBER_OBJECT_CONVERSION = YES_AGGRESSIVE;
				CLANG_CXX_LANGUAGE_STANDARD = "gnu++20";
				CLANG_ENABLE_MODULES = YES;
				CLANG_ENABLE_OBJC_ARC = YES;
				CLANG_ENABLE_OBJC_WEAK = YES;
				CLANG_WARN_BLOCK_CAPTURE_AUTORELEASING = YES;
				CLANG_WARN_BOOL_CONVERSION = YES;
				CLANG_WARN_COMMA = YES;
				CLANG_WARN_CONSTANT_CONVERSION = YES;
				CLANG_WARN_DEPRECATED_OBJC_IMPLEMENTATIONS = YES;
				CLANG_WARN_DIRECT_OBJC_ISA_USAGE = YES_ERROR;
				CLANG_WARN_DOCUMENTATION_COMMENTS = YES;
				CLANG_WARN_EMPTY_BODY = YES;
				CLANG_WARN_ENUM_CONVERSION = YES;
				CLANG_WARN_INFINITE_RECURSION = YES;
				CLANG_WARN_INT_CONVERSION = YES;
				CLANG_WARN_NON_LITERAL_NULL_CONVERSION = YES;
				CLANG_WARN_OBJC_IMPLICIT_RETAIN_SELF = YES;
				CLANG_WARN_OBJC_LITERAL_CONVERSION = YES;
				CLANG_WARN_OBJC_ROOT_CLASS = YES_ERROR;
				CLANG_WARN_QUOTED_INCLUDE_IN_FRAMEWORK_HEADER = YES;
				CLANG_WARN_RANGE_LOOP_ANALYSIS = YES;
				CLANG_WARN_STRICT_PROTOTYPES = YES;
				CLANG_WARN_SUSPICIOUS_MOVE = YES;
				CLANG_WARN_UNGUARDED_AVAILABILITY = YES_AGGRESSIVE;
				CLANG_WARN_UNREACHABLE_CODE = YES;
				CLANG_WARN__DUPLICATE_METHOD_MATCH = YES;
				COPY_PHASE_STRIP = NO;
				DEBUG_INFORMATION_FORMAT = "dwarf-with-dsym";
				ENABLE_NS_ASSERTIONS = NO;
				ENABLE_STRICT_OBJC_MSGSEND = YES;
				ENABLE_USER_SCRIPT_SANDBOXING = YES;
				GCC_C_LANGUAGE_STANDARD = gnu17;
				GCC_NO_COMMON_BLOCKS = YES;
				GCC_WARN_64_TO_32_BIT_CONVERSION = YES;
				GCC_WARN_ABOUT_RETURN_TYPE = YES_ERROR;
				GCC_WARN_UNDECLARED_SELECTOR = YES;
				GCC_WARN_UNINITIALIZED_AUTOS = YES_AGGRESSIVE;
				GCC_WARN_UNUSED_FUNCTION = YES;
				GCC_WARN_UNUSED_VARIABLE = YES;
				IPHONEOS_DEPLOYMENT_TARGET = 17.2;
				LOCALIZATION_PREFERS_STRING_CATALOGS = YES;
				MTL_ENABLE_DEBUG_INFO = NO;
				MTL_FAST_MATH = YES;
				SDKROOT = iphoneos;
				SWIFT_COMPILATION_MODE = wholemodule;
				VALIDATE_PRODUCT = YES;
			};
			name = Release;
		};
		1CE0E9102B2FD68B00854C8C /* Debug */ = {
			isa = XCBuildConfiguration;
			buildSettings = {
				ASSETCATALOG_COMPILER_APPICON_NAME = AppIcon;
				ASSETCATALOG_COMPILER_GLOBAL_ACCENT_COLOR_NAME = AccentColor;
				CODE_SIGN_STYLE = Automatic;
				CURRENT_PROJECT_VERSION = 1;
				DEVELOPMENT_ASSET_PATHS = "\"Baby Diary/Preview Content\"";
				DEVELOPMENT_TEAM = 3JF6M2L57N;
				ENABLE_PREVIEWS = YES;
				GENERATE_INFOPLIST_FILE = YES;
				INFOPLIST_KEY_UIApplicationSceneManifest_Generation = YES;
				INFOPLIST_KEY_UIApplicationSupportsIndirectInputEvents = YES;
				INFOPLIST_KEY_UILaunchScreen_Generation = YES;
				INFOPLIST_KEY_UISupportedInterfaceOrientations_iPad = "UIInterfaceOrientationPortrait UIInterfaceOrientationPortraitUpsideDown UIInterfaceOrientationLandscapeLeft UIInterfaceOrientationLandscapeRight";
				INFOPLIST_KEY_UISupportedInterfaceOrientations_iPhone = "UIInterfaceOrientationPortrait UIInterfaceOrientationLandscapeLeft UIInterfaceOrientationLandscapeRight";
				LD_RUNPATH_SEARCH_PATHS = (
					"$(inherited)",
					"@executable_path/Frameworks",
				);
				MARKETING_VERSION = 1.0;
				PRODUCT_BUNDLE_IDENTIFIER = "com.ching.Baby-Diary";
				PRODUCT_NAME = "$(TARGET_NAME)";
				SWIFT_EMIT_LOC_STRINGS = YES;
				SWIFT_VERSION = 5.0;
				TARGETED_DEVICE_FAMILY = "1,2";
			};
			name = Debug;
		};
		1CE0E9112B2FD68B00854C8C /* Release */ = {
			isa = XCBuildConfiguration;
			buildSettings = {
				ASSETCATALOG_COMPILER_APPICON_NAME = AppIcon;
				ASSETCATALOG_COMPILER_GLOBAL_ACCENT_COLOR_NAME = AccentColor;
				CODE_SIGN_STYLE = Automatic;
				CURRENT_PROJECT_VERSION = 1;
				DEVELOPMENT_ASSET_PATHS = "\"Baby Diary/Preview Content\"";
				DEVELOPMENT_TEAM = 3JF6M2L57N;
				ENABLE_PREVIEWS = YES;
				GENERATE_INFOPLIST_FILE = YES;
				INFOPLIST_KEY_UIApplicationSceneManifest_Generation = YES;
				INFOPLIST_KEY_UIApplicationSupportsIndirectInputEvents = YES;
				INFOPLIST_KEY_UILaunchScreen_Generation = YES;
				INFOPLIST_KEY_UISupportedInterfaceOrientations_iPad = "UIInterfaceOrientationPortrait UIInterfaceOrientationPortraitUpsideDown UIInterfaceOrientationLandscapeLeft UIInterfaceOrientationLandscapeRight";
				INFOPLIST_KEY_UISupportedInterfaceOrientations_iPhone = "UIInterfaceOrientationPortrait UIInterfaceOrientationLandscapeLeft UIInterfaceOrientationLandscapeRight";
				LD_RUNPATH_SEARCH_PATHS = (
					"$(inherited)",
					"@executable_path/Frameworks",
				);
				MARKETING_VERSION = 1.0;
				PRODUCT_BUNDLE_IDENTIFIER = "com.ching.Baby-Diary";
				PRODUCT_NAME = "$(TARGET_NAME)";
				SWIFT_EMIT_LOC_STRINGS = YES;
				SWIFT_VERSION = 5.0;
				TARGETED_DEVICE_FAMILY = "1,2";
			};
			name = Release;
		};
		1CE0E9132B2FD68B00854C8C /* Debug */ = {
			isa = XCBuildConfiguration;
			buildSettings = {
				ALWAYS_EMBED_SWIFT_STANDARD_LIBRARIES = YES;
				BUNDLE_LOADER = "$(TEST_HOST)";
				CODE_SIGN_STYLE = Automatic;
				CURRENT_PROJECT_VERSION = 1;
				DEVELOPMENT_TEAM = 3JF6M2L57N;
				GENERATE_INFOPLIST_FILE = YES;
				IPHONEOS_DEPLOYMENT_TARGET = 17.2;
				MARKETING_VERSION = 1.0;
				PRODUCT_BUNDLE_IDENTIFIER = "com.ching.Baby-DiaryTests";
				PRODUCT_NAME = "$(TARGET_NAME)";
				SWIFT_EMIT_LOC_STRINGS = NO;
				SWIFT_VERSION = 5.0;
				TARGETED_DEVICE_FAMILY = "1,2";
				TEST_HOST = "$(BUILT_PRODUCTS_DIR)/Baby Diary.app/$(BUNDLE_EXECUTABLE_FOLDER_PATH)/Baby Diary";
			};
			name = Debug;
		};
		1CE0E9142B2FD68B00854C8C /* Release */ = {
			isa = XCBuildConfiguration;
			buildSettings = {
				ALWAYS_EMBED_SWIFT_STANDARD_LIBRARIES = YES;
				BUNDLE_LOADER = "$(TEST_HOST)";
				CODE_SIGN_STYLE = Automatic;
				CURRENT_PROJECT_VERSION = 1;
				DEVELOPMENT_TEAM = 3JF6M2L57N;
				GENERATE_INFOPLIST_FILE = YES;
				IPHONEOS_DEPLOYMENT_TARGET = 17.2;
				MARKETING_VERSION = 1.0;
				PRODUCT_BUNDLE_IDENTIFIER = "com.ching.Baby-DiaryTests";
				PRODUCT_NAME = "$(TARGET_NAME)";
				SWIFT_EMIT_LOC_STRINGS = NO;
				SWIFT_VERSION = 5.0;
				TARGETED_DEVICE_FAMILY = "1,2";
				TEST_HOST = "$(BUILT_PRODUCTS_DIR)/Baby Diary.app/$(BUNDLE_EXECUTABLE_FOLDER_PATH)/Baby Diary";
			};
			name = Release;
		};
		1CE0E9162B2FD68B00854C8C /* Debug */ = {
			isa = XCBuildConfiguration;
			buildSettings = {
				ALWAYS_EMBED_SWIFT_STANDARD_LIBRARIES = YES;
				CODE_SIGN_STYLE = Automatic;
				CURRENT_PROJECT_VERSION = 1;
				DEVELOPMENT_TEAM = 3JF6M2L57N;
				GENERATE_INFOPLIST_FILE = YES;
				MARKETING_VERSION = 1.0;
				PRODUCT_BUNDLE_IDENTIFIER = "com.ching.Baby-DiaryUITests";
				PRODUCT_NAME = "$(TARGET_NAME)";
				SWIFT_EMIT_LOC_STRINGS = NO;
				SWIFT_VERSION = 5.0;
				TARGETED_DEVICE_FAMILY = "1,2";
				TEST_TARGET_NAME = "Baby Diary";
			};
			name = Debug;
		};
		1CE0E9172B2FD68B00854C8C /* Release */ = {
			isa = XCBuildConfiguration;
			buildSettings = {
				ALWAYS_EMBED_SWIFT_STANDARD_LIBRARIES = YES;
				CODE_SIGN_STYLE = Automatic;
				CURRENT_PROJECT_VERSION = 1;
				DEVELOPMENT_TEAM = 3JF6M2L57N;
				GENERATE_INFOPLIST_FILE = YES;
				MARKETING_VERSION = 1.0;
				PRODUCT_BUNDLE_IDENTIFIER = "com.ching.Baby-DiaryUITests";
				PRODUCT_NAME = "$(TARGET_NAME)";
				SWIFT_EMIT_LOC_STRINGS = NO;
				SWIFT_VERSION = 5.0;
				TARGETED_DEVICE_FAMILY = "1,2";
				TEST_TARGET_NAME = "Baby Diary";
			};
			name = Release;
		};
/* End XCBuildConfiguration section */

/* Begin XCConfigurationList section */
		1CE0E8E62B2FD68900854C8C /* Build configuration list for PBXProject "Baby Diary" */ = {
			isa = XCConfigurationList;
			buildConfigurations = (
				1CE0E90D2B2FD68B00854C8C /* Debug */,
				1CE0E90E2B2FD68B00854C8C /* Release */,
			);
			defaultConfigurationIsVisible = 0;
			defaultConfigurationName = Release;
		};
		1CE0E90F2B2FD68B00854C8C /* Build configuration list for PBXNativeTarget "Baby Diary" */ = {
			isa = XCConfigurationList;
			buildConfigurations = (
				1CE0E9102B2FD68B00854C8C /* Debug */,
				1CE0E9112B2FD68B00854C8C /* Release */,
			);
			defaultConfigurationIsVisible = 0;
			defaultConfigurationName = Release;
		};
		1CE0E9122B2FD68B00854C8C /* Build configuration list for PBXNativeTarget "Baby DiaryTests" */ = {
			isa = XCConfigurationList;
			buildConfigurations = (
				1CE0E9132B2FD68B00854C8C /* Debug */,
				1CE0E9142B2FD68B00854C8C /* Release */,
			);
			defaultConfigurationIsVisible = 0;
			defaultConfigurationName = Release;
		};
		1CE0E9152B2FD68B00854C8C /* Build configuration list for PBXNativeTarget "Baby DiaryUITests" */ = {
			isa = XCConfigurationList;
			buildConfigurations = (
				1CE0E9162B2FD68B00854C8C /* Debug */,
				1CE0E9172B2FD68B00854C8C /* Release */,
			);
			defaultConfigurationIsVisible = 0;
			defaultConfigurationName = Release;
		};
/* End XCConfigurationList section */

/* Begin XCRemoteSwiftPackageReference section */
		1CE0E91A2B2FE2ED00854C8C /* XCRemoteSwiftPackageReference "firebase-ios-sdk" */ = {
			isa = XCRemoteSwiftPackageReference;
			repositoryURL = "https://github.com/firebase/firebase-ios-sdk";
			requirement = {
				kind = upToNextMajorVersion;
				minimumVersion = 10.19.1;
			};
		};
/* End XCRemoteSwiftPackageReference section */

/* Begin XCSwiftPackageProductDependency section */
		1CE0E91B2B2FE2ED00854C8C /* FirebaseAnalytics */ = {
			isa = XCSwiftPackageProductDependency;
			package = 1CE0E91A2B2FE2ED00854C8C /* XCRemoteSwiftPackageReference "firebase-ios-sdk" */;
			productName = FirebaseAnalytics;
		};
		1CE0E91D2B2FE2ED00854C8C /* FirebaseAnalyticsSwift */ = {
			isa = XCSwiftPackageProductDependency;
			package = 1CE0E91A2B2FE2ED00854C8C /* XCRemoteSwiftPackageReference "firebase-ios-sdk" */;
			productName = FirebaseAnalyticsSwift;
		};
		1CE0E91F2B2FE2ED00854C8C /* FirebaseAnalyticsWithoutAdIdSupport */ = {
			isa = XCSwiftPackageProductDependency;
			package = 1CE0E91A2B2FE2ED00854C8C /* XCRemoteSwiftPackageReference "firebase-ios-sdk" */;
			productName = FirebaseAnalyticsWithoutAdIdSupport;
		};
		1CE0E9212B2FE2ED00854C8C /* FirebaseAuth */ = {
			isa = XCSwiftPackageProductDependency;
			package = 1CE0E91A2B2FE2ED00854C8C /* XCRemoteSwiftPackageReference "firebase-ios-sdk" */;
			productName = FirebaseAuth;
		};
		1CE0E9232B2FE2ED00854C8C /* FirebaseAuthCombine-Community */ = {
			isa = XCSwiftPackageProductDependency;
			package = 1CE0E91A2B2FE2ED00854C8C /* XCRemoteSwiftPackageReference "firebase-ios-sdk" */;
			productName = "FirebaseAuthCombine-Community";
		};
		1CE0E9252B2FE2ED00854C8C /* FirebaseCrashlytics */ = {
			isa = XCSwiftPackageProductDependency;
			package = 1CE0E91A2B2FE2ED00854C8C /* XCRemoteSwiftPackageReference "firebase-ios-sdk" */;
			productName = FirebaseCrashlytics;
		};
		1CE0E9272B2FE2ED00854C8C /* FirebaseFirestore */ = {
			isa = XCSwiftPackageProductDependency;
			package = 1CE0E91A2B2FE2ED00854C8C /* XCRemoteSwiftPackageReference "firebase-ios-sdk" */;
			productName = FirebaseFirestore;
		};
		1CE0E9292B2FE2ED00854C8C /* FirebaseFirestoreCombine-Community */ = {
			isa = XCSwiftPackageProductDependency;
			package = 1CE0E91A2B2FE2ED00854C8C /* XCRemoteSwiftPackageReference "firebase-ios-sdk" */;
			productName = "FirebaseFirestoreCombine-Community";
		};
		1CE0E92B2B2FE2ED00854C8C /* FirebaseFirestoreSwift */ = {
			isa = XCSwiftPackageProductDependency;
			package = 1CE0E91A2B2FE2ED00854C8C /* XCRemoteSwiftPackageReference "firebase-ios-sdk" */;
			productName = FirebaseFirestoreSwift;
		};
		1CE0E92D2B2FE2ED00854C8C /* FirebaseRemoteConfig */ = {
			isa = XCSwiftPackageProductDependency;
			package = 1CE0E91A2B2FE2ED00854C8C /* XCRemoteSwiftPackageReference "firebase-ios-sdk" */;
			productName = FirebaseRemoteConfig;
		};
		1CE0E92F2B2FE2ED00854C8C /* FirebaseRemoteConfigSwift */ = {
			isa = XCSwiftPackageProductDependency;
			package = 1CE0E91A2B2FE2ED00854C8C /* XCRemoteSwiftPackageReference "firebase-ios-sdk" */;
			productName = FirebaseRemoteConfigSwift;
		};
/* End XCSwiftPackageProductDependency section */
	};
	rootObject = 1CE0E8E32B2FD68900854C8C /* Project object */;
}
